// !$*UTF8*$!
{
	archiveVersion = 1;
	classes = {
	};
	objectVersion = 50;
	objects = {

/* Begin PBXBuildFile section */
		1D36F5686216AC511823C0F7 /* Pods_Swift____UITests.framework in Frameworks */ = {isa = PBXBuildFile; fileRef = FDD32828F74B2F40E77C87EE /* Pods_Swift____UITests.framework */; };
		3D1F2655239961B200B74137 /* LoginAPI.swift in Sources */ = {isa = PBXBuildFile; fileRef = 3D1F2654239961B200B74137 /* LoginAPI.swift */; };
		3D1F2657239974FC00B74137 /* LoginBeginController.swift in Sources */ = {isa = PBXBuildFile; fileRef = 3D1F2656239974FC00B74137 /* LoginBeginController.swift */; };
		3D1F265A239EB43500B74137 /* LabelExtension.swift in Sources */ = {isa = PBXBuildFile; fileRef = 3D1F2659239EB43400B74137 /* LabelExtension.swift */; };
		3D1F265C239EBCEE00B74137 /* UIColorExtension.swift in Sources */ = {isa = PBXBuildFile; fileRef = 3D1F265B239EBCEE00B74137 /* UIColorExtension.swift */; };
		3D1F265F239EBF2600B74137 /* CommonInfo.swift in Sources */ = {isa = PBXBuildFile; fileRef = 3D1F265E239EBF2600B74137 /* CommonInfo.swift */; };
		3D1F2661239EC3E400B74137 /* UIButtonExtension.swift in Sources */ = {isa = PBXBuildFile; fileRef = 3D1F2660239EC3E400B74137 /* UIButtonExtension.swift */; };
		3D56C59423A63A4200314038 /* SceneDelegate.swift in Sources */ = {isa = PBXBuildFile; fileRef = 3D56C59323A63A4200314038 /* SceneDelegate.swift */; };
		3D56C59623A640AC00314038 /* UIViewExtension.swift in Sources */ = {isa = PBXBuildFile; fileRef = 3D56C59523A640AC00314038 /* UIViewExtension.swift */; };
		3D56C59823A7E8BB00314038 /* RegisterBeginController.swift in Sources */ = {isa = PBXBuildFile; fileRef = 3D56C59723A7E8BB00314038 /* RegisterBeginController.swift */; };
		3D56C59C23A7EBB300314038 /* RegisterInputView.swift in Sources */ = {isa = PBXBuildFile; fileRef = 3D56C59B23A7EBB300314038 /* RegisterInputView.swift */; };
		3D56C59E23A7ED0E00314038 /* UITextFieldExtension.swift in Sources */ = {isa = PBXBuildFile; fileRef = 3D56C59D23A7ED0E00314038 /* UITextFieldExtension.swift */; };
		3D56C5A223AF271100314038 /* BaseNavigationController.swift in Sources */ = {isa = PBXBuildFile; fileRef = 3D56C5A123AF271100314038 /* BaseNavigationController.swift */; };
		3D56C5A423AFDD3C00314038 /* StringExtension.swift in Sources */ = {isa = PBXBuildFile; fileRef = 3D56C5A323AFDD3C00314038 /* StringExtension.swift */; };
		3D56C5A723AFE1D000314038 /* ToastView.swift in Sources */ = {isa = PBXBuildFile; fileRef = 3D56C5A623AFE1D000314038 /* ToastView.swift */; };
		3DC28FA0238C492E0019902E /* AppDelegate.swift in Sources */ = {isa = PBXBuildFile; fileRef = 3DC28F9F238C492E0019902E /* AppDelegate.swift */; };
		3DC28FA9238C492F0019902E /* Assets.xcassets in Resources */ = {isa = PBXBuildFile; fileRef = 3DC28FA8238C492F0019902E /* Assets.xcassets */; };
		3DC28FAC238C492F0019902E /* LaunchScreen.storyboard in Resources */ = {isa = PBXBuildFile; fileRef = 3DC28FAA238C492F0019902E /* LaunchScreen.storyboard */; };
		3DC28FB7238C492F0019902E /* Swift____Tests.swift in Sources */ = {isa = PBXBuildFile; fileRef = 3DC28FB6238C492F0019902E /* Swift____Tests.swift */; };
		3DC28FC2238C492F0019902E /* Swift____UITests.swift in Sources */ = {isa = PBXBuildFile; fileRef = 3DC28FC1238C492F0019902E /* Swift____UITests.swift */; };
		8E449F8C8ECFD76D5BA7EFFB /* Pods_Swift____.framework in Frameworks */ = {isa = PBXBuildFile; fileRef = 3F00A272DD36D4773EFC93CF /* Pods_Swift____.framework */; };
		E97DD3E786ED0FCF8D77C225 /* Pods_Swift____Tests.framework in Frameworks */ = {isa = PBXBuildFile; fileRef = 4EB1EB3AF148C08FC3B15C22 /* Pods_Swift____Tests.framework */; };
/* End PBXBuildFile section */

/* Begin PBXContainerItemProxy section */
		3DC28FB3238C492F0019902E /* PBXContainerItemProxy */ = {
			isa = PBXContainerItemProxy;
			containerPortal = 3DC28F94238C492E0019902E /* Project object */;
			proxyType = 1;
			remoteGlobalIDString = 3DC28F9B238C492E0019902E;
			remoteInfo = "Swift假面舞会";
		};
		3DC28FBE238C492F0019902E /* PBXContainerItemProxy */ = {
			isa = PBXContainerItemProxy;
			containerPortal = 3DC28F94238C492E0019902E /* Project object */;
			proxyType = 1;
			remoteGlobalIDString = 3DC28F9B238C492E0019902E;
			remoteInfo = "Swift假面舞会";
		};
/* End PBXContainerItemProxy section */

/* Begin PBXFileReference section */
		36AF9625FC0DC9C62FEA10F6 /* Pods-Swift假面舞会Tests.release.xcconfig */ = {isa = PBXFileReference; includeInIndex = 1; lastKnownFileType = text.xcconfig; name = "Pods-Swift假面舞会Tests.release.xcconfig"; path = "Pods/Target Support Files/Pods-Swift假面舞会Tests/Pods-Swift假面舞会Tests.release.xcconfig"; sourceTree = "<group>"; };
		3D1F2654239961B200B74137 /* LoginAPI.swift */ = {isa = PBXFileReference; lastKnownFileType = sourcecode.swift; path = LoginAPI.swift; sourceTree = "<group>"; };
		3D1F2656239974FC00B74137 /* LoginBeginController.swift */ = {isa = PBXFileReference; lastKnownFileType = sourcecode.swift; path = LoginBeginController.swift; sourceTree = "<group>"; };
		3D1F2659239EB43400B74137 /* LabelExtension.swift */ = {isa = PBXFileReference; lastKnownFileType = sourcecode.swift; path = LabelExtension.swift; sourceTree = "<group>"; };
		3D1F265B239EBCEE00B74137 /* UIColorExtension.swift */ = {isa = PBXFileReference; lastKnownFileType = sourcecode.swift; path = UIColorExtension.swift; sourceTree = "<group>"; };
		3D1F265E239EBF2600B74137 /* CommonInfo.swift */ = {isa = PBXFileReference; lastKnownFileType = sourcecode.swift; path = CommonInfo.swift; sourceTree = "<group>"; };
		3D1F2660239EC3E400B74137 /* UIButtonExtension.swift */ = {isa = PBXFileReference; lastKnownFileType = sourcecode.swift; path = UIButtonExtension.swift; sourceTree = "<group>"; };
		3D56C59323A63A4200314038 /* SceneDelegate.swift */ = {isa = PBXFileReference; fileEncoding = 4; lastKnownFileType = sourcecode.swift; path = SceneDelegate.swift; sourceTree = "<group>"; };
		3D56C59523A640AC00314038 /* UIViewExtension.swift */ = {isa = PBXFileReference; lastKnownFileType = sourcecode.swift; path = UIViewExtension.swift; sourceTree = "<group>"; };
		3D56C59723A7E8BB00314038 /* RegisterBeginController.swift */ = {isa = PBXFileReference; lastKnownFileType = sourcecode.swift; path = RegisterBeginController.swift; sourceTree = "<group>"; };
		3D56C59B23A7EBB300314038 /* RegisterInputView.swift */ = {isa = PBXFileReference; lastKnownFileType = sourcecode.swift; path = RegisterInputView.swift; sourceTree = "<group>"; };
		3D56C59D23A7ED0E00314038 /* UITextFieldExtension.swift */ = {isa = PBXFileReference; lastKnownFileType = sourcecode.swift; path = UITextFieldExtension.swift; sourceTree = "<group>"; };
		3D56C5A123AF271100314038 /* BaseNavigationController.swift */ = {isa = PBXFileReference; lastKnownFileType = sourcecode.swift; path = BaseNavigationController.swift; sourceTree = "<group>"; };
		3D56C5A323AFDD3C00314038 /* StringExtension.swift */ = {isa = PBXFileReference; lastKnownFileType = sourcecode.swift; path = StringExtension.swift; sourceTree = "<group>"; };
		3D56C5A623AFE1D000314038 /* ToastView.swift */ = {isa = PBXFileReference; lastKnownFileType = sourcecode.swift; path = ToastView.swift; sourceTree = "<group>"; };
		3DC28F9C238C492E0019902E /* Swift假面舞会.app */ = {isa = PBXFileReference; explicitFileType = wrapper.application; includeInIndex = 0; path = "Swift假面舞会.app"; sourceTree = BUILT_PRODUCTS_DIR; };
		3DC28F9F238C492E0019902E /* AppDelegate.swift */ = {isa = PBXFileReference; lastKnownFileType = sourcecode.swift; path = AppDelegate.swift; sourceTree = "<group>"; };
		3DC28FA8238C492F0019902E /* Assets.xcassets */ = {isa = PBXFileReference; lastKnownFileType = folder.assetcatalog; path = Assets.xcassets; sourceTree = "<group>"; };
		3DC28FAB238C492F0019902E /* Base */ = {isa = PBXFileReference; lastKnownFileType = file.storyboard; name = Base; path = Base.lproj/LaunchScreen.storyboard; sourceTree = "<group>"; };
		3DC28FAD238C492F0019902E /* Info.plist */ = {isa = PBXFileReference; lastKnownFileType = text.plist.xml; path = Info.plist; sourceTree = "<group>"; };
		3DC28FB2238C492F0019902E /* Swift假面舞会Tests.xctest */ = {isa = PBXFileReference; explicitFileType = wrapper.cfbundle; includeInIndex = 0; path = "Swift假面舞会Tests.xctest"; sourceTree = BUILT_PRODUCTS_DIR; };
		3DC28FB6238C492F0019902E /* Swift____Tests.swift */ = {isa = PBXFileReference; lastKnownFileType = sourcecode.swift; path = Swift____Tests.swift; sourceTree = "<group>"; };
		3DC28FB8238C492F0019902E /* Info.plist */ = {isa = PBXFileReference; lastKnownFileType = text.plist.xml; path = Info.plist; sourceTree = "<group>"; };
		3DC28FBD238C492F0019902E /* Swift假面舞会UITests.xctest */ = {isa = PBXFileReference; explicitFileType = wrapper.cfbundle; includeInIndex = 0; path = "Swift假面舞会UITests.xctest"; sourceTree = BUILT_PRODUCTS_DIR; };
		3DC28FC1238C492F0019902E /* Swift____UITests.swift */ = {isa = PBXFileReference; lastKnownFileType = sourcecode.swift; path = Swift____UITests.swift; sourceTree = "<group>"; };
		3DC28FC3238C492F0019902E /* Info.plist */ = {isa = PBXFileReference; lastKnownFileType = text.plist.xml; path = Info.plist; sourceTree = "<group>"; };
		3F00A272DD36D4773EFC93CF /* Pods_Swift____.framework */ = {isa = PBXFileReference; explicitFileType = wrapper.framework; includeInIndex = 0; path = Pods_Swift____.framework; sourceTree = BUILT_PRODUCTS_DIR; };
		4EB1EB3AF148C08FC3B15C22 /* Pods_Swift____Tests.framework */ = {isa = PBXFileReference; explicitFileType = wrapper.framework; includeInIndex = 0; path = Pods_Swift____Tests.framework; sourceTree = BUILT_PRODUCTS_DIR; };
		4F00AD48B4A1CAF73D04430E /* Pods-Swift假面舞会UITests.release.xcconfig */ = {isa = PBXFileReference; includeInIndex = 1; lastKnownFileType = text.xcconfig; name = "Pods-Swift假面舞会UITests.release.xcconfig"; path = "Pods/Target Support Files/Pods-Swift假面舞会UITests/Pods-Swift假面舞会UITests.release.xcconfig"; sourceTree = "<group>"; };
		64CA35E44D31E3AF41D3C741 /* Pods-Swift假面舞会Tests.debug.xcconfig */ = {isa = PBXFileReference; includeInIndex = 1; lastKnownFileType = text.xcconfig; name = "Pods-Swift假面舞会Tests.debug.xcconfig"; path = "Pods/Target Support Files/Pods-Swift假面舞会Tests/Pods-Swift假面舞会Tests.debug.xcconfig"; sourceTree = "<group>"; };
		70D2F193D3745A6A65B080E7 /* Pods-Swift假面舞会.release.xcconfig */ = {isa = PBXFileReference; includeInIndex = 1; lastKnownFileType = text.xcconfig; name = "Pods-Swift假面舞会.release.xcconfig"; path = "Pods/Target Support Files/Pods-Swift假面舞会/Pods-Swift假面舞会.release.xcconfig"; sourceTree = "<group>"; };
		C3E41A2D3D35AFA703D98FC7 /* Pods-Swift假面舞会.debug.xcconfig */ = {isa = PBXFileReference; includeInIndex = 1; lastKnownFileType = text.xcconfig; name = "Pods-Swift假面舞会.debug.xcconfig"; path = "Pods/Target Support Files/Pods-Swift假面舞会/Pods-Swift假面舞会.debug.xcconfig"; sourceTree = "<group>"; };
		ED2D6AE651688CDAB47B7182 /* Pods-Swift假面舞会UITests.debug.xcconfig */ = {isa = PBXFileReference; includeInIndex = 1; lastKnownFileType = text.xcconfig; name = "Pods-Swift假面舞会UITests.debug.xcconfig"; path = "Pods/Target Support Files/Pods-Swift假面舞会UITests/Pods-Swift假面舞会UITests.debug.xcconfig"; sourceTree = "<group>"; };
		FDD32828F74B2F40E77C87EE /* Pods_Swift____UITests.framework */ = {isa = PBXFileReference; explicitFileType = wrapper.framework; includeInIndex = 0; path = Pods_Swift____UITests.framework; sourceTree = BUILT_PRODUCTS_DIR; };
/* End PBXFileReference section */

/* Begin PBXFrameworksBuildPhase section */
		3DC28F99238C492E0019902E /* Frameworks */ = {
			isa = PBXFrameworksBuildPhase;
			buildActionMask = 2147483647;
			files = (
				8E449F8C8ECFD76D5BA7EFFB /* Pods_Swift____.framework in Frameworks */,
			);
			runOnlyForDeploymentPostprocessing = 0;
		};
		3DC28FAF238C492F0019902E /* Frameworks */ = {
			isa = PBXFrameworksBuildPhase;
			buildActionMask = 2147483647;
			files = (
				E97DD3E786ED0FCF8D77C225 /* Pods_Swift____Tests.framework in Frameworks */,
			);
			runOnlyForDeploymentPostprocessing = 0;
		};
		3DC28FBA238C492F0019902E /* Frameworks */ = {
			isa = PBXFrameworksBuildPhase;
			buildActionMask = 2147483647;
			files = (
				1D36F5686216AC511823C0F7 /* Pods_Swift____UITests.framework in Frameworks */,
			);
			runOnlyForDeploymentPostprocessing = 0;
		};
/* End PBXFrameworksBuildPhase section */

/* Begin PBXGroup section */
		327359219CCCB7238E841A40 /* Pods */ = {
			isa = PBXGroup;
			children = (
				C3E41A2D3D35AFA703D98FC7 /* Pods-Swift假面舞会.debug.xcconfig */,
				70D2F193D3745A6A65B080E7 /* Pods-Swift假面舞会.release.xcconfig */,
				64CA35E44D31E3AF41D3C741 /* Pods-Swift假面舞会Tests.debug.xcconfig */,
				36AF9625FC0DC9C62FEA10F6 /* Pods-Swift假面舞会Tests.release.xcconfig */,
				ED2D6AE651688CDAB47B7182 /* Pods-Swift假面舞会UITests.debug.xcconfig */,
				4F00AD48B4A1CAF73D04430E /* Pods-Swift假面舞会UITests.release.xcconfig */,
			);
			name = Pods;
			sourceTree = "<group>";
		};
		3D1F26532399616A00B74137 /* Login */ = {
			isa = PBXGroup;
			children = (
				3D56C59923A7EB7D00314038 /* Register */,
				3D1F2654239961B200B74137 /* LoginAPI.swift */,
				3D1F2656239974FC00B74137 /* LoginBeginController.swift */,
			);
			path = Login;
			sourceTree = "<group>";
		};
		3D1F2658239EB3BC00B74137 /* Extension */ = {
			isa = PBXGroup;
			children = (
				3D1F2659239EB43400B74137 /* LabelExtension.swift */,
				3D1F265B239EBCEE00B74137 /* UIColorExtension.swift */,
				3D1F2660239EC3E400B74137 /* UIButtonExtension.swift */,
				3D56C59523A640AC00314038 /* UIViewExtension.swift */,
				3D56C59D23A7ED0E00314038 /* UITextFieldExtension.swift */,
				3D56C5A323AFDD3C00314038 /* StringExtension.swift */,
			);
			path = Extension;
			sourceTree = "<group>";
		};
		3D1F265D239EBF0900B74137 /* BaseInfo */ = {
			isa = PBXGroup;
			children = (
				3D1F265E239EBF2600B74137 /* CommonInfo.swift */,
			);
			path = BaseInfo;
			sourceTree = "<group>";
		};
		3D56C59923A7EB7D00314038 /* Register */ = {
			isa = PBXGroup;
			children = (
				3D56C59A23A7EB8D00314038 /* View */,
				3D56C59723A7E8BB00314038 /* RegisterBeginController.swift */,
			);
			path = Register;
			sourceTree = "<group>";
		};
		3D56C59A23A7EB8D00314038 /* View */ = {
			isa = PBXGroup;
			children = (
				3D56C59B23A7EBB300314038 /* RegisterInputView.swift */,
			);
			path = View;
			sourceTree = "<group>";
		};
		3D56C59F23AF26BD00314038 /* Base */ = {
			isa = PBXGroup;
			children = (
				3D56C5A523AFE05000314038 /* BaseView */,
				3D56C5A023AF26D600314038 /* BaseController */,
				3D1F265D239EBF0900B74137 /* BaseInfo */,
			);
			path = Base;
			sourceTree = "<group>";
		};
		3D56C5A023AF26D600314038 /* BaseController */ = {
			isa = PBXGroup;
			children = (
				3D56C5A123AF271100314038 /* BaseNavigationController.swift */,
			);
			path = BaseController;
			sourceTree = "<group>";
		};
		3D56C5A523AFE05000314038 /* BaseView */ = {
			isa = PBXGroup;
			children = (
				3D56C5A623AFE1D000314038 /* ToastView.swift */,
			);
			path = BaseView;
			sourceTree = "<group>";
		};
		3DC28F93238C492E0019902E = {
			isa = PBXGroup;
			children = (
				3DC28F9E238C492E0019902E /* Swift假面舞会 */,
				3DC28FB5238C492F0019902E /* Swift假面舞会Tests */,
				3DC28FC0238C492F0019902E /* Swift假面舞会UITests */,
				3DC28F9D238C492E0019902E /* Products */,
				327359219CCCB7238E841A40 /* Pods */,
				B1427E5E5A55D78BD747F6BC /* Frameworks */,
			);
			sourceTree = "<group>";
		};
		3DC28F9D238C492E0019902E /* Products */ = {
			isa = PBXGroup;
			children = (
				3DC28F9C238C492E0019902E /* Swift假面舞会.app */,
				3DC28FB2238C492F0019902E /* Swift假面舞会Tests.xctest */,
				3DC28FBD238C492F0019902E /* Swift假面舞会UITests.xctest */,
			);
			name = Products;
			sourceTree = "<group>";
		};
		3DC28F9E238C492E0019902E /* Swift假面舞会 */ = {
			isa = PBXGroup;
			children = (
				3D56C59F23AF26BD00314038 /* Base */,
				3D1F2658239EB3BC00B74137 /* Extension */,
				3D1F26532399616A00B74137 /* Login */,
				3DC28FD0238C49550019902E /* Main */,
				3DC28FCF238C49370019902E /* Resources */,
			);
			path = "Swift假面舞会";
			sourceTree = "<group>";
		};
		3DC28FB5238C492F0019902E /* Swift假面舞会Tests */ = {
			isa = PBXGroup;
			children = (
				3DC28FB6238C492F0019902E /* Swift____Tests.swift */,
				3DC28FB8238C492F0019902E /* Info.plist */,
			);
			path = "Swift假面舞会Tests";
			sourceTree = "<group>";
		};
		3DC28FC0238C492F0019902E /* Swift假面舞会UITests */ = {
			isa = PBXGroup;
			children = (
				3DC28FC1238C492F0019902E /* Swift____UITests.swift */,
				3DC28FC3238C492F0019902E /* Info.plist */,
			);
			path = "Swift假面舞会UITests";
			sourceTree = "<group>";
		};
		3DC28FCF238C49370019902E /* Resources */ = {
			isa = PBXGroup;
			children = (
				3DC28FA8238C492F0019902E /* Assets.xcassets */,
				3DC28FAA238C492F0019902E /* LaunchScreen.storyboard */,
				3DC28FAD238C492F0019902E /* Info.plist */,
			);
			path = Resources;
			sourceTree = "<group>";
		};
		3DC28FD0238C49550019902E /* Main */ = {
			isa = PBXGroup;
			children = (
				3D56C59323A63A4200314038 /* SceneDelegate.swift */,
				3DC28F9F238C492E0019902E /* AppDelegate.swift */,
			);
			path = Main;
			sourceTree = "<group>";
		};
		B1427E5E5A55D78BD747F6BC /* Frameworks */ = {
			isa = PBXGroup;
			children = (
				3F00A272DD36D4773EFC93CF /* Pods_Swift____.framework */,
				4EB1EB3AF148C08FC3B15C22 /* Pods_Swift____Tests.framework */,
				FDD32828F74B2F40E77C87EE /* Pods_Swift____UITests.framework */,
			);
			name = Frameworks;
			sourceTree = "<group>";
		};
/* End PBXGroup section */

/* Begin PBXNativeTarget section */
		3DC28F9B238C492E0019902E /* Swift假面舞会 */ = {
			isa = PBXNativeTarget;
			buildConfigurationList = 3DC28FC6238C492F0019902E /* Build configuration list for PBXNativeTarget "Swift假面舞会" */;
			buildPhases = (
				0FAE74C47A5B90E932E6E302 /* [CP] Check Pods Manifest.lock */,
				3DC28F98238C492E0019902E /* Sources */,
				3DC28F99238C492E0019902E /* Frameworks */,
				3DC28F9A238C492E0019902E /* Resources */,
				A578362E5BB1228BB8827C45 /* [CP] Embed Pods Frameworks */,
			);
			buildRules = (
			);
			dependencies = (
			);
			name = "Swift假面舞会";
			productName = "Swift假面舞会";
			productReference = 3DC28F9C238C492E0019902E /* Swift假面舞会.app */;
			productType = "com.apple.product-type.application";
		};
		3DC28FB1238C492F0019902E /* Swift假面舞会Tests */ = {
			isa = PBXNativeTarget;
			buildConfigurationList = 3DC28FC9238C492F0019902E /* Build configuration list for PBXNativeTarget "Swift假面舞会Tests" */;
			buildPhases = (
				5D6CC057F957C7914E172067 /* [CP] Check Pods Manifest.lock */,
				3DC28FAE238C492F0019902E /* Sources */,
				3DC28FAF238C492F0019902E /* Frameworks */,
				3DC28FB0238C492F0019902E /* Resources */,
			);
			buildRules = (
			);
			dependencies = (
				3DC28FB4238C492F0019902E /* PBXTargetDependency */,
			);
			name = "Swift假面舞会Tests";
			productName = "Swift假面舞会Tests";
			productReference = 3DC28FB2238C492F0019902E /* Swift假面舞会Tests.xctest */;
			productType = "com.apple.product-type.bundle.unit-test";
		};
		3DC28FBC238C492F0019902E /* Swift假面舞会UITests */ = {
			isa = PBXNativeTarget;
			buildConfigurationList = 3DC28FCC238C492F0019902E /* Build configuration list for PBXNativeTarget "Swift假面舞会UITests" */;
			buildPhases = (
				012599EE3E3A9B4A3C1EC5C2 /* [CP] Check Pods Manifest.lock */,
				3DC28FB9238C492F0019902E /* Sources */,
				3DC28FBA238C492F0019902E /* Frameworks */,
				3DC28FBB238C492F0019902E /* Resources */,
			);
			buildRules = (
			);
			dependencies = (
				3DC28FBF238C492F0019902E /* PBXTargetDependency */,
			);
			name = "Swift假面舞会UITests";
			productName = "Swift假面舞会UITests";
			productReference = 3DC28FBD238C492F0019902E /* Swift假面舞会UITests.xctest */;
			productType = "com.apple.product-type.bundle.ui-testing";
		};
/* End PBXNativeTarget section */

/* Begin PBXProject section */
		3DC28F94238C492E0019902E /* Project object */ = {
			isa = PBXProject;
			attributes = {
				LastSwiftUpdateCheck = 1120;
				LastUpgradeCheck = 1120;
				ORGANIZATIONNAME = suckerl;
				TargetAttributes = {
					3DC28F9B238C492E0019902E = {
						CreatedOnToolsVersion = 11.2;
					};
					3DC28FB1238C492F0019902E = {
						CreatedOnToolsVersion = 11.2;
						TestTargetID = 3DC28F9B238C492E0019902E;
					};
					3DC28FBC238C492F0019902E = {
						CreatedOnToolsVersion = 11.2;
						TestTargetID = 3DC28F9B238C492E0019902E;
					};
				};
			};
			buildConfigurationList = 3DC28F97238C492E0019902E /* Build configuration list for PBXProject "Swift假面舞会" */;
			compatibilityVersion = "Xcode 9.3";
			developmentRegion = en;
			hasScannedForEncodings = 0;
			knownRegions = (
				en,
				Base,
			);
			mainGroup = 3DC28F93238C492E0019902E;
			productRefGroup = 3DC28F9D238C492E0019902E /* Products */;
			projectDirPath = "";
			projectRoot = "";
			targets = (
				3DC28F9B238C492E0019902E /* Swift假面舞会 */,
				3DC28FB1238C492F0019902E /* Swift假面舞会Tests */,
				3DC28FBC238C492F0019902E /* Swift假面舞会UITests */,
			);
		};
/* End PBXProject section */

/* Begin PBXResourcesBuildPhase section */
		3DC28F9A238C492E0019902E /* Resources */ = {
			isa = PBXResourcesBuildPhase;
			buildActionMask = 2147483647;
			files = (
				3DC28FAC238C492F0019902E /* LaunchScreen.storyboard in Resources */,
				3DC28FA9238C492F0019902E /* Assets.xcassets in Resources */,
			);
			runOnlyForDeploymentPostprocessing = 0;
		};
		3DC28FB0238C492F0019902E /* Resources */ = {
			isa = PBXResourcesBuildPhase;
			buildActionMask = 2147483647;
			files = (
			);
			runOnlyForDeploymentPostprocessing = 0;
		};
		3DC28FBB238C492F0019902E /* Resources */ = {
			isa = PBXResourcesBuildPhase;
			buildActionMask = 2147483647;
			files = (
			);
			runOnlyForDeploymentPostprocessing = 0;
		};
/* End PBXResourcesBuildPhase section */

/* Begin PBXShellScriptBuildPhase section */
		012599EE3E3A9B4A3C1EC5C2 /* [CP] Check Pods Manifest.lock */ = {
			isa = PBXShellScriptBuildPhase;
			buildActionMask = 2147483647;
			files = (
			);
			inputPaths = (
				"${PODS_PODFILE_DIR_PATH}/Podfile.lock",
				"${PODS_ROOT}/Manifest.lock",
			);
			name = "[CP] Check Pods Manifest.lock";
			outputPaths = (
				"$(DERIVED_FILE_DIR)/Pods-Swift假面舞会UITests-checkManifestLockResult.txt",
			);
			runOnlyForDeploymentPostprocessing = 0;
			shellPath = /bin/sh;
			shellScript = "diff \"${PODS_PODFILE_DIR_PATH}/Podfile.lock\" \"${PODS_ROOT}/Manifest.lock\" > /dev/null\nif [ $? != 0 ] ; then\n    # print error to STDERR\n    echo \"error: The sandbox is not in sync with the Podfile.lock. Run 'pod install' or update your CocoaPods installation.\" >&2\n    exit 1\nfi\n# This output is used by Xcode 'outputs' to avoid re-running this script phase.\necho \"SUCCESS\" > \"${SCRIPT_OUTPUT_FILE_0}\"\n";
			showEnvVarsInLog = 0;
		};
		0FAE74C47A5B90E932E6E302 /* [CP] Check Pods Manifest.lock */ = {
			isa = PBXShellScriptBuildPhase;
			buildActionMask = 2147483647;
			files = (
			);
			inputPaths = (
				"${PODS_PODFILE_DIR_PATH}/Podfile.lock",
				"${PODS_ROOT}/Manifest.lock",
			);
			name = "[CP] Check Pods Manifest.lock";
			outputPaths = (
				"$(DERIVED_FILE_DIR)/Pods-Swift假面舞会-checkManifestLockResult.txt",
			);
			runOnlyForDeploymentPostprocessing = 0;
			shellPath = /bin/sh;
			shellScript = "diff \"${PODS_PODFILE_DIR_PATH}/Podfile.lock\" \"${PODS_ROOT}/Manifest.lock\" > /dev/null\nif [ $? != 0 ] ; then\n    # print error to STDERR\n    echo \"error: The sandbox is not in sync with the Podfile.lock. Run 'pod install' or update your CocoaPods installation.\" >&2\n    exit 1\nfi\n# This output is used by Xcode 'outputs' to avoid re-running this script phase.\necho \"SUCCESS\" > \"${SCRIPT_OUTPUT_FILE_0}\"\n";
			showEnvVarsInLog = 0;
		};
		5D6CC057F957C7914E172067 /* [CP] Check Pods Manifest.lock */ = {
			isa = PBXShellScriptBuildPhase;
			buildActionMask = 2147483647;
			files = (
			);
			inputPaths = (
				"${PODS_PODFILE_DIR_PATH}/Podfile.lock",
				"${PODS_ROOT}/Manifest.lock",
			);
			name = "[CP] Check Pods Manifest.lock";
			outputPaths = (
				"$(DERIVED_FILE_DIR)/Pods-Swift假面舞会Tests-checkManifestLockResult.txt",
			);
			runOnlyForDeploymentPostprocessing = 0;
			shellPath = /bin/sh;
			shellScript = "diff \"${PODS_PODFILE_DIR_PATH}/Podfile.lock\" \"${PODS_ROOT}/Manifest.lock\" > /dev/null\nif [ $? != 0 ] ; then\n    # print error to STDERR\n    echo \"error: The sandbox is not in sync with the Podfile.lock. Run 'pod install' or update your CocoaPods installation.\" >&2\n    exit 1\nfi\n# This output is used by Xcode 'outputs' to avoid re-running this script phase.\necho \"SUCCESS\" > \"${SCRIPT_OUTPUT_FILE_0}\"\n";
			showEnvVarsInLog = 0;
		};
		A578362E5BB1228BB8827C45 /* [CP] Embed Pods Frameworks */ = {
			isa = PBXShellScriptBuildPhase;
			buildActionMask = 2147483647;
			files = (
			);
			inputPaths = (
				"${SRCROOT}/Pods/Target Support Files/Pods-Swift假面舞会/Pods-Swift假面舞会-frameworks.sh",
				"${BUILT_PRODUCTS_DIR}/Alamofire/Alamofire.framework",
				"${BUILT_PRODUCTS_DIR}/IQKeyboardManagerSwift/IQKeyboardManagerSwift.framework",
				"${BUILT_PRODUCTS_DIR}/Moya/Moya.framework",
				"${BUILT_PRODUCTS_DIR}/Result/Result.framework",
				"${BUILT_PRODUCTS_DIR}/RxSwift/RxSwift.framework",
				"${BUILT_PRODUCTS_DIR}/SnapKit/SnapKit.framework",
			);
			name = "[CP] Embed Pods Frameworks";
			outputPaths = (
				"${TARGET_BUILD_DIR}/${FRAMEWORKS_FOLDER_PATH}/Alamofire.framework",
				"${TARGET_BUILD_DIR}/${FRAMEWORKS_FOLDER_PATH}/IQKeyboardManagerSwift.framework",
				"${TARGET_BUILD_DIR}/${FRAMEWORKS_FOLDER_PATH}/Moya.framework",
				"${TARGET_BUILD_DIR}/${FRAMEWORKS_FOLDER_PATH}/Result.framework",
				"${TARGET_BUILD_DIR}/${FRAMEWORKS_FOLDER_PATH}/RxSwift.framework",
				"${TARGET_BUILD_DIR}/${FRAMEWORKS_FOLDER_PATH}/SnapKit.framework",
			);
			runOnlyForDeploymentPostprocessing = 0;
			shellPath = /bin/sh;
			shellScript = "\"${SRCROOT}/Pods/Target Support Files/Pods-Swift假面舞会/Pods-Swift假面舞会-frameworks.sh\"\n";
			showEnvVarsInLog = 0;
		};
/* End PBXShellScriptBuildPhase section */

/* Begin PBXSourcesBuildPhase section */
		3DC28F98238C492E0019902E /* Sources */ = {
			isa = PBXSourcesBuildPhase;
			buildActionMask = 2147483647;
			files = (
				3D56C5A223AF271100314038 /* BaseNavigationController.swift in Sources */,
				3D1F265F239EBF2600B74137 /* CommonInfo.swift in Sources */,
				3D56C59E23A7ED0E00314038 /* UITextFieldExtension.swift in Sources */,
				3D1F265A239EB43500B74137 /* LabelExtension.swift in Sources */,
				3D56C5A723AFE1D000314038 /* ToastView.swift in Sources */,
				3D1F265C239EBCEE00B74137 /* UIColorExtension.swift in Sources */,
				3D1F2655239961B200B74137 /* LoginAPI.swift in Sources */,
				3D1F2661239EC3E400B74137 /* UIButtonExtension.swift in Sources */,
				3D1F2657239974FC00B74137 /* LoginBeginController.swift in Sources */,
				3D56C5A423AFDD3C00314038 /* StringExtension.swift in Sources */,
				3D56C59823A7E8BB00314038 /* RegisterBeginController.swift in Sources */,
				3D56C59623A640AC00314038 /* UIViewExtension.swift in Sources */,
				3DC28FA0238C492E0019902E /* AppDelegate.swift in Sources */,
				3D56C59C23A7EBB300314038 /* RegisterInputView.swift in Sources */,
				3D56C59423A63A4200314038 /* SceneDelegate.swift in Sources */,
			);
			runOnlyForDeploymentPostprocessing = 0;
		};
		3DC28FAE238C492F0019902E /* Sources */ = {
			isa = PBXSourcesBuildPhase;
			buildActionMask = 2147483647;
			files = (
				3DC28FB7238C492F0019902E /* Swift____Tests.swift in Sources */,
			);
			runOnlyForDeploymentPostprocessing = 0;
		};
		3DC28FB9238C492F0019902E /* Sources */ = {
			isa = PBXSourcesBuildPhase;
			buildActionMask = 2147483647;
			files = (
				3DC28FC2238C492F0019902E /* Swift____UITests.swift in Sources */,
			);
			runOnlyForDeploymentPostprocessing = 0;
		};
/* End PBXSourcesBuildPhase section */

/* Begin PBXTargetDependency section */
		3DC28FB4238C492F0019902E /* PBXTargetDependency */ = {
			isa = PBXTargetDependency;
			target = 3DC28F9B238C492E0019902E /* Swift假面舞会 */;
			targetProxy = 3DC28FB3238C492F0019902E /* PBXContainerItemProxy */;
		};
		3DC28FBF238C492F0019902E /* PBXTargetDependency */ = {
			isa = PBXTargetDependency;
			target = 3DC28F9B238C492E0019902E /* Swift假面舞会 */;
			targetProxy = 3DC28FBE238C492F0019902E /* PBXContainerItemProxy */;
		};
/* End PBXTargetDependency section */

/* Begin PBXVariantGroup section */
		3DC28FAA238C492F0019902E /* LaunchScreen.storyboard */ = {
			isa = PBXVariantGroup;
			children = (
				3DC28FAB238C492F0019902E /* Base */,
			);
			name = LaunchScreen.storyboard;
			sourceTree = "<group>";
		};
/* End PBXVariantGroup section */

/* Begin XCBuildConfiguration section */
		3DC28FC4238C492F0019902E /* Debug */ = {
			isa = XCBuildConfiguration;
			buildSettings = {
				ALWAYS_SEARCH_USER_PATHS = NO;
				CLANG_ANALYZER_NONNULL = YES;
				CLANG_ANALYZER_NUMBER_OBJECT_CONVERSION = YES_AGGRESSIVE;
				CLANG_CXX_LANGUAGE_STANDARD = "gnu++14";
				CLANG_CXX_LIBRARY = "libc++";
				CLANG_ENABLE_MODULES = YES;
				CLANG_ENABLE_OBJC_ARC = YES;
				CLANG_ENABLE_OBJC_WEAK = YES;
				CLANG_WARN_BLOCK_CAPTURE_AUTORELEASING = YES;
				CLANG_WARN_BOOL_CONVERSION = YES;
				CLANG_WARN_COMMA = YES;
				CLANG_WARN_CONSTANT_CONVERSION = YES;
				CLANG_WARN_DEPRECATED_OBJC_IMPLEMENTATIONS = YES;
				CLANG_WARN_DIRECT_OBJC_ISA_USAGE = YES_ERROR;
				CLANG_WARN_DOCUMENTATION_COMMENTS = YES;
				CLANG_WARN_EMPTY_BODY = YES;
				CLANG_WARN_ENUM_CONVERSION = YES;
				CLANG_WARN_INFINITE_RECURSION = YES;
				CLANG_WARN_INT_CONVERSION = YES;
				CLANG_WARN_NON_LITERAL_NULL_CONVERSION = YES;
				CLANG_WARN_OBJC_IMPLICIT_RETAIN_SELF = YES;
				CLANG_WARN_OBJC_LITERAL_CONVERSION = YES;
				CLANG_WARN_OBJC_ROOT_CLASS = YES_ERROR;
				CLANG_WARN_RANGE_LOOP_ANALYSIS = YES;
				CLANG_WARN_STRICT_PROTOTYPES = YES;
				CLANG_WARN_SUSPICIOUS_MOVE = YES;
				CLANG_WARN_UNGUARDED_AVAILABILITY = YES_AGGRESSIVE;
				CLANG_WARN_UNREACHABLE_CODE = YES;
				CLANG_WARN__DUPLICATE_METHOD_MATCH = YES;
				COPY_PHASE_STRIP = NO;
				DEBUG_INFORMATION_FORMAT = dwarf;
				ENABLE_STRICT_OBJC_MSGSEND = YES;
				ENABLE_TESTABILITY = YES;
				GCC_C_LANGUAGE_STANDARD = gnu11;
				GCC_DYNAMIC_NO_PIC = NO;
				GCC_NO_COMMON_BLOCKS = YES;
				GCC_OPTIMIZATION_LEVEL = 0;
				GCC_PREPROCESSOR_DEFINITIONS = (
					"DEBUG=1",
					"$(inherited)",
				);
				GCC_WARN_64_TO_32_BIT_CONVERSION = YES;
				GCC_WARN_ABOUT_RETURN_TYPE = YES_ERROR;
				GCC_WARN_UNDECLARED_SELECTOR = YES;
				GCC_WARN_UNINITIALIZED_AUTOS = YES_AGGRESSIVE;
				GCC_WARN_UNUSED_FUNCTION = YES;
				GCC_WARN_UNUSED_VARIABLE = YES;
				IPHONEOS_DEPLOYMENT_TARGET = 13.2;
				MTL_ENABLE_DEBUG_INFO = INCLUDE_SOURCE;
				MTL_FAST_MATH = YES;
				ONLY_ACTIVE_ARCH = YES;
				SDKROOT = iphoneos;
				SWIFT_ACTIVE_COMPILATION_CONDITIONS = DEBUG;
				SWIFT_OPTIMIZATION_LEVEL = "-Onone";
			};
			name = Debug;
		};
		3DC28FC5238C492F0019902E /* Release */ = {
			isa = XCBuildConfiguration;
			buildSettings = {
				ALWAYS_SEARCH_USER_PATHS = NO;
				CLANG_ANALYZER_NONNULL = YES;
				CLANG_ANALYZER_NUMBER_OBJECT_CONVERSION = YES_AGGRESSIVE;
				CLANG_CXX_LANGUAGE_STANDARD = "gnu++14";
				CLANG_CXX_LIBRARY = "libc++";
				CLANG_ENABLE_MODULES = YES;
				CLANG_ENABLE_OBJC_ARC = YES;
				CLANG_ENABLE_OBJC_WEAK = YES;
				CLANG_WARN_BLOCK_CAPTURE_AUTORELEASING = YES;
				CLANG_WARN_BOOL_CONVERSION = YES;
				CLANG_WARN_COMMA = YES;
				CLANG_WARN_CONSTANT_CONVERSION = YES;
				CLANG_WARN_DEPRECATED_OBJC_IMPLEMENTATIONS = YES;
				CLANG_WARN_DIRECT_OBJC_ISA_USAGE = YES_ERROR;
				CLANG_WARN_DOCUMENTATION_COMMENTS = YES;
				CLANG_WARN_EMPTY_BODY = YES;
				CLANG_WARN_ENUM_CONVERSION = YES;
				CLANG_WARN_INFINITE_RECURSION = YES;
				CLANG_WARN_INT_CONVERSION = YES;
				CLANG_WARN_NON_LITERAL_NULL_CONVERSION = YES;
				CLANG_WARN_OBJC_IMPLICIT_RETAIN_SELF = YES;
				CLANG_WARN_OBJC_LITERAL_CONVERSION = YES;
				CLANG_WARN_OBJC_ROOT_CLASS = YES_ERROR;
				CLANG_WARN_RANGE_LOOP_ANALYSIS = YES;
				CLANG_WARN_STRICT_PROTOTYPES = YES;
				CLANG_WARN_SUSPICIOUS_MOVE = YES;
				CLANG_WARN_UNGUARDED_AVAILABILITY = YES_AGGRESSIVE;
				CLANG_WARN_UNREACHABLE_CODE = YES;
				CLANG_WARN__DUPLICATE_METHOD_MATCH = YES;
				COPY_PHASE_STRIP = NO;
				DEBUG_INFORMATION_FORMAT = "dwarf-with-dsym";
				ENABLE_NS_ASSERTIONS = NO;
				ENABLE_STRICT_OBJC_MSGSEND = YES;
				GCC_C_LANGUAGE_STANDARD = gnu11;
				GCC_NO_COMMON_BLOCKS = YES;
				GCC_WARN_64_TO_32_BIT_CONVERSION = YES;
				GCC_WARN_ABOUT_RETURN_TYPE = YES_ERROR;
				GCC_WARN_UNDECLARED_SELECTOR = YES;
				GCC_WARN_UNINITIALIZED_AUTOS = YES_AGGRESSIVE;
				GCC_WARN_UNUSED_FUNCTION = YES;
				GCC_WARN_UNUSED_VARIABLE = YES;
				IPHONEOS_DEPLOYMENT_TARGET = 13.2;
				MTL_ENABLE_DEBUG_INFO = NO;
				MTL_FAST_MATH = YES;
				SDKROOT = iphoneos;
				SWIFT_COMPILATION_MODE = wholemodule;
				SWIFT_OPTIMIZATION_LEVEL = "-O";
				VALIDATE_PRODUCT = YES;
			};
			name = Release;
		};
		3DC28FC7238C492F0019902E /* Debug */ = {
			isa = XCBuildConfiguration;
			baseConfigurationReference = C3E41A2D3D35AFA703D98FC7 /* Pods-Swift假面舞会.debug.xcconfig */;
			buildSettings = {
				ASSETCATALOG_COMPILER_APPICON_NAME = AppIcon;
				CODE_SIGN_STYLE = Automatic;
				DEVELOPMENT_TEAM = 3D924N92LK;
				INFOPLIST_FILE = "Swift假面舞会/Resources/Info.plist";
				IPHONEOS_DEPLOYMENT_TARGET = 11.0;
				LD_RUNPATH_SEARCH_PATHS = (
					"$(inherited)",
					"@executable_path/Frameworks",
				);
				PRODUCT_BUNDLE_IDENTIFIER = "www.HotCatLX.com.Swift----";
				PRODUCT_NAME = "$(TARGET_NAME)";
				SWIFT_VERSION = 5.0;
				TARGETED_DEVICE_FAMILY = 1;
			};
			name = Debug;
		};
		3DC28FC8238C492F0019902E /* Release */ = {
			isa = XCBuildConfiguration;
			baseConfigurationReference = 70D2F193D3745A6A65B080E7 /* Pods-Swift假面舞会.release.xcconfig */;
			buildSettings = {
				ASSETCATALOG_COMPILER_APPICON_NAME = AppIcon;
				CODE_SIGN_STYLE = Automatic;
				DEVELOPMENT_TEAM = 3D924N92LK;
				INFOPLIST_FILE = "Swift假面舞会/Resources/Info.plist";
				IPHONEOS_DEPLOYMENT_TARGET = 11.0;
				LD_RUNPATH_SEARCH_PATHS = (
					"$(inherited)",
					"@executable_path/Frameworks",
				);
				PRODUCT_BUNDLE_IDENTIFIER = "www.HotCatLX.com.Swift----";
				PRODUCT_NAME = "$(TARGET_NAME)";
				SWIFT_VERSION = 5.0;
				TARGETED_DEVICE_FAMILY = 1;
			};
			name = Release;
		};
		3DC28FCA238C492F0019902E /* Debug */ = {
			isa = XCBuildConfiguration;
			baseConfigurationReference = 64CA35E44D31E3AF41D3C741 /* Pods-Swift假面舞会Tests.debug.xcconfig */;
			buildSettings = {
				ALWAYS_EMBED_SWIFT_STANDARD_LIBRARIES = YES;
				BUNDLE_LOADER = "$(TEST_HOST)";
				CODE_SIGN_STYLE = Automatic;
				DEVELOPMENT_TEAM = 3D924N92LK;
				INFOPLIST_FILE = "Swift假面舞会Tests/Info.plist";
				IPHONEOS_DEPLOYMENT_TARGET = 13.2;
				LD_RUNPATH_SEARCH_PATHS = (
					"$(inherited)",
					"@executable_path/Frameworks",
					"@loader_path/Frameworks",
				);
				PRODUCT_BUNDLE_IDENTIFIER = "www.HotCatLX.com.Swift----Tests";
				PRODUCT_NAME = "$(TARGET_NAME)";
				SWIFT_VERSION = 5.0;
				TARGETED_DEVICE_FAMILY = "1,2";
				TEST_HOST = "$(BUILT_PRODUCTS_DIR)/Swift假面舞会.app/Swift假面舞会";
			};
			name = Debug;
		};
		3DC28FCB238C492F0019902E /* Release */ = {
			isa = XCBuildConfiguration;
			baseConfigurationReference = 36AF9625FC0DC9C62FEA10F6 /* Pods-Swift假面舞会Tests.release.xcconfig */;
			buildSettings = {
				ALWAYS_EMBED_SWIFT_STANDARD_LIBRARIES = YES;
				BUNDLE_LOADER = "$(TEST_HOST)";
				CODE_SIGN_STYLE = Automatic;
				DEVELOPMENT_TEAM = 3D924N92LK;
				INFOPLIST_FILE = "Swift假面舞会Tests/Info.plist";
				IPHONEOS_DEPLOYMENT_TARGET = 13.2;
				LD_RUNPATH_SEARCH_PATHS = (
					"$(inherited)",
					"@executable_path/Frameworks",
					"@loader_path/Frameworks",
				);
				PRODUCT_BUNDLE_IDENTIFIER = "www.HotCatLX.com.Swift----Tests";
				PRODUCT_NAME = "$(TARGET_NAME)";
				SWIFT_VERSION = 5.0;
				TARGETED_DEVICE_FAMILY = "1,2";
				TEST_HOST = "$(BUILT_PRODUCTS_DIR)/Swift假面舞会.app/Swift假面舞会";
			};
			name = Release;
		};
		3DC28FCD238C492F0019902E /* Debug */ = {
			isa = XCBuildConfiguration;
			baseConfigurationReference = ED2D6AE651688CDAB47B7182 /* Pods-Swift假面舞会UITests.debug.xcconfig */;
			buildSettings = {
				ALWAYS_EMBED_SWIFT_STANDARD_LIBRARIES = YES;
				CODE_SIGN_STYLE = Automatic;
				DEVELOPMENT_TEAM = 3D924N92LK;
				INFOPLIST_FILE = "Swift假面舞会UITests/Info.plist";
				LD_RUNPATH_SEARCH_PATHS = (
					"$(inherited)",
					"@executable_path/Frameworks",
					"@loader_path/Frameworks",
				);
				PRODUCT_BUNDLE_IDENTIFIER = "www.HotCatLX.com.Swift----UITests";
				PRODUCT_NAME = "$(TARGET_NAME)";
				SWIFT_VERSION = 5.0;
				TARGETED_DEVICE_FAMILY = "1,2";
				TEST_TARGET_NAME = "Swift假面舞会";
			};
			name = Debug;
		};
		3DC28FCE238C492F0019902E /* Release */ = {
			isa = XCBuildConfiguration;
			baseConfigurationReference = 4F00AD48B4A1CAF73D04430E /* Pods-Swift假面舞会UITests.release.xcconfig */;
			buildSettings = {
				ALWAYS_EMBED_SWIFT_STANDARD_LIBRARIES = YES;
				CODE_SIGN_STYLE = Automatic;
				DEVELOPMENT_TEAM = 3D924N92LK;
				INFOPLIST_FILE = "Swift假面舞会UITests/Info.plist";
				LD_RUNPATH_SEARCH_PATHS = (
					"$(inherited)",
					"@executable_path/Frameworks",
					"@loader_path/Frameworks",
				);
				PRODUCT_BUNDLE_IDENTIFIER = "www.HotCatLX.com.Swift----UITests";
				PRODUCT_NAME = "$(TARGET_NAME)";
				SWIFT_VERSION = 5.0;
				TARGETED_DEVICE_FAMILY = "1,2";
				TEST_TARGET_NAME = "Swift假面舞会";
			};
			name = Release;
		};
/* End XCBuildConfiguration section */

/* Begin XCConfigurationList section */
		3DC28F97238C492E0019902E /* Build configuration list for PBXProject "Swift假面舞会" */ = {
			isa = XCConfigurationList;
			buildConfigurations = (
				3DC28FC4238C492F0019902E /* Debug */,
				3DC28FC5238C492F0019902E /* Release */,
			);
			defaultConfigurationIsVisible = 0;
			defaultConfigurationName = Release;
		};
		3DC28FC6238C492F0019902E /* Build configuration list for PBXNativeTarget "Swift假面舞会" */ = {
			isa = XCConfigurationList;
			buildConfigurations = (
				3DC28FC7238C492F0019902E /* Debug */,
				3DC28FC8238C492F0019902E /* Release */,
			);
			defaultConfigurationIsVisible = 0;
			defaultConfigurationName = Release;
		};
		3DC28FC9238C492F0019902E /* Build configuration list for PBXNativeTarget "Swift假面舞会Tests" */ = {
			isa = XCConfigurationList;
			buildConfigurations = (
				3DC28FCA238C492F0019902E /* Debug */,
				3DC28FCB238C492F0019902E /* Release */,
			);
			defaultConfigurationIsVisible = 0;
			defaultConfigurationName = Release;
		};
		3DC28FCC238C492F0019902E /* Build configuration list for PBXNativeTarget "Swift假面舞会UITests" */ = {
			isa = XCConfigurationList;
			buildConfigurations = (
				3DC28FCD238C492F0019902E /* Debug */,
				3DC28FCE238C492F0019902E /* Release */,
			);
			defaultConfigurationIsVisible = 0;
			defaultConfigurationName = Release;
		};
/* End XCConfigurationList section */
	};
	rootObject = 3DC28F94238C492E0019902E /* Project object */;
}
